{
  "name": "vteam-bike",
  "version": "1.0.0",
  "lockfileVersion": 3,
  "requires": true,
  "packages": {
    "": {
      "name": "vteam-bike",
      "version": "1.0.0",
      "license": "ISC",
      "workspaces": [
        "services/backend",
        "services/frontend"
      ]
    },
    "node_modules/@vteam/backend": {
      "resolved": "services/backend",
      "link": true
    },
    "node_modules/@vteam/frontend": {
      "resolved": "services/frontend",
      "link": true
    },
    "services/backend": {
      "name": "@vteam/backend",
      "version": "1.0.0",
      "license": "ISC"
    },
    "services/frontend": {
      "name": "@vteam/frontend",
      "version": "1.0.0",
      "license": "ISC",
      "devDependencies": {}
    }
  }
}
